
Microsoft Visual Studio Solution File, Format Version 12.00
# Visual Studio Version 17
VisualStudioVersion = 17.6.33723.286
MinimumVisualStudioVersion = 10.0.40219.1
Project("{FAE04EC0-301F-11D3-BF4B-00C04F79EFBC}") = "verificateur", "verificateur\verificateur.csproj", "{DD654FCC-9E72-40FD-92FA-08AE902A3D07}"
EndProject
Global
	GlobalSection(SolutionConfigurationPlatforms) = preSolution
		Debug|Any CPU = Debug|Any CPU
		Release|Any CPU = Release|Any CPU
	EndGlobalSection
	GlobalSection(ProjectConfigurationPlatforms) = postSolution
		{DD654FCC-9E72-40FD-92FA-08AE902A3D07}.Debug|Any CPU.ActiveCfg = Debug|Any CPU
		{DD654FCC-9E72-40FD-92FA-08AE902A3D07}.Debug|Any CPU.Build.0 = Debug|Any CPU
		{DD654FCC-9E72-40FD-92FA-08AE902A3D07}.Release|Any CPU.ActiveCfg = Release|Any CPU
		{DD654FCC-9E72-40FD-92FA-08AE902A3D07}.Release|Any CPU.Build.0 = Release|Any CPU
	EndGlobalSection
	GlobalSection(SolutionProperties) = preSolution
		HideSolutionNode = FALSE
	EndGlobalSection
	GlobalSection(ExtensibilityGlobals) = postSolution
		SolutionGuid = {A5A9C089-7DB6-4C7F-B6D4-AF5C62012A80}
	EndGlobalSection
EndGlobal
